name: Contact block
icon: grid-full
fields:
  title:
    label: Titolo
    placeholder: Titolo …
    type: writer
    marks: false
    nodes: false
  text:
    label: Testo
    placeholder: Testo …
    type: writer
    marks:
      - bold
      - italic
      - underline
      - link
      - email
      - clear
    nodes: false
  
