name: Contact block
icon: grid-full
fields:
  title:
    label: Titolo
    placeholder: Titolo …
    type: writer
    marks: false
    nodes: false
  text:
    label: Testo
    placeholder: Testo …
    type: writer
    marks:
      - bold
      - italic
      - underline
      - link
      - email
      - clear
    nodes: false
  buttonText:
    label: Pulsante
    placeholder: Testo del pulsante …
    width: 1/2
    type: text
  buttonUrl:
    label: false
    placeholder: Url del pulsante …
    width: 1/2
    type: url
  
